// !$*UTF8*$!
{
	archiveVersion = 1;
	classes = {
	};
	objectVersion = 50;
	objects = {

/* Begin PBXBuildFile section */
		F11D6E34252A4764003DBA56 /* ToDoItems.swift in Sources */ = {isa = PBXBuildFile; fileRef = F11D6E33252A4764003DBA56 /* ToDoItems.swift */; };
		F11D6E3F252A5000003DBA56 /* LocalNotificationManager.swift in Sources */ = {isa = PBXBuildFile; fileRef = F11D6E3E252A5000003DBA56 /* LocalNotificationManager.swift */; };
		F11D6E4A252A5DD9003DBA56 /* UIViewController + alert.swift in Sources */ = {isa = PBXBuildFile; fileRef = F11D6E49252A5DD9003DBA56 /* UIViewController + alert.swift */; };
		F13DEA2D252919930067DEC0 /* ListTableViewCell.swift in Sources */ = {isa = PBXBuildFile; fileRef = F13DEA2C252919930067DEC0 /* ListTableViewCell.swift */; };
		F1D5D2942520501B006D6B36 /* ToDoItem.swift in Sources */ = {isa = PBXBuildFile; fileRef = F1D5D2932520501A006D6B36 /* ToDoItem.swift */; };
		F1F4DFB9251E658C0054EAE1 /* AppDelegate.swift in Sources */ = {isa = PBXBuildFile; fileRef = F1F4DFB8251E658C0054EAE1 /* AppDelegate.swift */; };
		F1F4DFBB251E658C0054EAE1 /* SceneDelegate.swift in Sources */ = {isa = PBXBuildFile; fileRef = F1F4DFBA251E658C0054EAE1 /* SceneDelegate.swift */; };
		F1F4DFBD251E658C0054EAE1 /* ToDoListViewController.swift in Sources */ = {isa = PBXBuildFile; fileRef = F1F4DFBC251E658C0054EAE1 /* ToDoListViewController.swift */; };
		F1F4DFC0251E658C0054EAE1 /* Main.storyboard in Resources */ = {isa = PBXBuildFile; fileRef = F1F4DFBE251E658C0054EAE1 /* Main.storyboard */; };
		F1F4DFC2251E65900054EAE1 /* Assets.xcassets in Resources */ = {isa = PBXBuildFile; fileRef = F1F4DFC1251E65900054EAE1 /* Assets.xcassets */; };
		F1F4DFC5251E65900054EAE1 /* LaunchScreen.storyboard in Resources */ = {isa = PBXBuildFile; fileRef = F1F4DFC3251E65900054EAE1 /* LaunchScreen.storyboard */; };
		F1F4DFD0251E65900054EAE1 /* ToDo_ListTests.swift in Sources */ = {isa = PBXBuildFile; fileRef = F1F4DFCF251E65900054EAE1 /* ToDo_ListTests.swift */; };
		F1F4DFDB251E65910054EAE1 /* ToDo_ListUITests.swift in Sources */ = {isa = PBXBuildFile; fileRef = F1F4DFDA251E65910054EAE1 /* ToDo_ListUITests.swift */; };
		F1F4E03C251E98AC0054EAE1 /* ToDoDetailViewController.swift in Sources */ = {isa = PBXBuildFile; fileRef = F1F4E03B251E98AC0054EAE1 /* ToDoDetailViewController.swift */; };
/* End PBXBuildFile section */

/* Begin PBXContainerItemProxy section */
		F1F4DFCC251E65900054EAE1 /* PBXContainerItemProxy */ = {
			isa = PBXContainerItemProxy;
			containerPortal = F1F4DFAD251E658C0054EAE1 /* Project object */;
			proxyType = 1;
			remoteGlobalIDString = F1F4DFB4251E658C0054EAE1;
			remoteInfo = "ToDo List";
		};
		F1F4DFD7251E65910054EAE1 /* PBXContainerItemProxy */ = {
			isa = PBXContainerItemProxy;
			containerPortal = F1F4DFAD251E658C0054EAE1 /* Project object */;
			proxyType = 1;
			remoteGlobalIDString = F1F4DFB4251E658C0054EAE1;
			remoteInfo = "ToDo List";
		};
/* End PBXContainerItemProxy section */

/* Begin PBXFileReference section */
		F11D6E33252A4764003DBA56 /* ToDoItems.swift */ = {isa = PBXFileReference; lastKnownFileType = sourcecode.swift; path = ToDoItems.swift; sourceTree = "<group>"; };
		F11D6E3E252A5000003DBA56 /* LocalNotificationManager.swift */ = {isa = PBXFileReference; lastKnownFileType = sourcecode.swift; path = LocalNotificationManager.swift; sourceTree = "<group>"; };
		F11D6E49252A5DD9003DBA56 /* UIViewController + alert.swift */ = {isa = PBXFileReference; lastKnownFileType = sourcecode.swift; path = "UIViewController + alert.swift"; sourceTree = "<group>"; };
		F13DEA2C252919930067DEC0 /* ListTableViewCell.swift */ = {isa = PBXFileReference; lastKnownFileType = sourcecode.swift; path = ListTableViewCell.swift; sourceTree = "<group>"; };
		F1D5D2932520501A006D6B36 /* ToDoItem.swift */ = {isa = PBXFileReference; lastKnownFileType = sourcecode.swift; path = ToDoItem.swift; sourceTree = "<group>"; };
		F1F4DFB5251E658C0054EAE1 /* ToDo List.app */ = {isa = PBXFileReference; explicitFileType = wrapper.application; includeInIndex = 0; path = "ToDo List.app"; sourceTree = BUILT_PRODUCTS_DIR; };
		F1F4DFB8251E658C0054EAE1 /* AppDelegate.swift */ = {isa = PBXFileReference; lastKnownFileType = sourcecode.swift; path = AppDelegate.swift; sourceTree = "<group>"; };
		F1F4DFBA251E658C0054EAE1 /* SceneDelegate.swift */ = {isa = PBXFileReference; lastKnownFileType = sourcecode.swift; path = SceneDelegate.swift; sourceTree = "<group>"; };
		F1F4DFBC251E658C0054EAE1 /* ToDoListViewController.swift */ = {isa = PBXFileReference; lastKnownFileType = sourcecode.swift; path = ToDoListViewController.swift; sourceTree = "<group>"; };
		F1F4DFBF251E658C0054EAE1 /* Base */ = {isa = PBXFileReference; lastKnownFileType = file.storyboard; name = Base; path = Base.lproj/Main.storyboard; sourceTree = "<group>"; };
		F1F4DFC1251E65900054EAE1 /* Assets.xcassets */ = {isa = PBXFileReference; lastKnownFileType = folder.assetcatalog; path = Assets.xcassets; sourceTree = "<group>"; };
		F1F4DFC4251E65900054EAE1 /* Base */ = {isa = PBXFileReference; lastKnownFileType = file.storyboard; name = Base; path = Base.lproj/LaunchScreen.storyboard; sourceTree = "<group>"; };
		F1F4DFC6251E65900054EAE1 /* Info.plist */ = {isa = PBXFileReference; lastKnownFileType = text.plist.xml; path = Info.plist; sourceTree = "<group>"; };
		F1F4DFCB251E65900054EAE1 /* ToDo ListTests.xctest */ = {isa = PBXFileReference; explicitFileType = wrapper.cfbundle; includeInIndex = 0; path = "ToDo ListTests.xctest"; sourceTree = BUILT_PRODUCTS_DIR; };
		F1F4DFCF251E65900054EAE1 /* ToDo_ListTests.swift */ = {isa = PBXFileReference; lastKnownFileType = sourcecode.swift; path = ToDo_ListTests.swift; sourceTree = "<group>"; };
		F1F4DFD1251E65910054EAE1 /* Info.plist */ = {isa = PBXFileReference; lastKnownFileType = text.plist.xml; path = Info.plist; sourceTree = "<group>"; };
		F1F4DFD6251E65910054EAE1 /* ToDo ListUITests.xctest */ = {isa = PBXFileReference; explicitFileType = wrapper.cfbundle; includeInIndex = 0; path = "ToDo ListUITests.xctest"; sourceTree = BUILT_PRODUCTS_DIR; };
		F1F4DFDA251E65910054EAE1 /* ToDo_ListUITests.swift */ = {isa = PBXFileReference; lastKnownFileType = sourcecode.swift; path = ToDo_ListUITests.swift; sourceTree = "<group>"; };
		F1F4DFDC251E65910054EAE1 /* Info.plist */ = {isa = PBXFileReference; lastKnownFileType = text.plist.xml; path = Info.plist; sourceTree = "<group>"; };
		F1F4E03B251E98AC0054EAE1 /* ToDoDetailViewController.swift */ = {isa = PBXFileReference; fileEncoding = 4; lastKnownFileType = sourcecode.swift; path = ToDoDetailViewController.swift; sourceTree = "<group>"; };
/* End PBXFileReference section */

/* Begin PBXFrameworksBuildPhase section */
		F1F4DFB2251E658C0054EAE1 /* Frameworks */ = {
			isa = PBXFrameworksBuildPhase;
			buildActionMask = 2147483647;
			files = (
			);
			runOnlyForDeploymentPostprocessing = 0;
		};
		F1F4DFC8251E65900054EAE1 /* Frameworks */ = {
			isa = PBXFrameworksBuildPhase;
			buildActionMask = 2147483647;
			files = (
			);
			runOnlyForDeploymentPostprocessing = 0;
		};
		F1F4DFD3251E65910054EAE1 /* Frameworks */ = {
			isa = PBXFrameworksBuildPhase;
			buildActionMask = 2147483647;
			files = (
			);
			runOnlyForDeploymentPostprocessing = 0;
		};
/* End PBXFrameworksBuildPhase section */

/* Begin PBXGroup section */
		F1F4DFAC251E658C0054EAE1 = {
			isa = PBXGroup;
			children = (
				F1F4DFB7251E658C0054EAE1 /* ToDo List */,
				F1F4DFCE251E65900054EAE1 /* ToDo ListTests */,
				F1F4DFD9251E65910054EAE1 /* ToDo ListUITests */,
				F1F4DFB6251E658C0054EAE1 /* Products */,
			);
			sourceTree = "<group>";
		};
		F1F4DFB6251E658C0054EAE1 /* Products */ = {
			isa = PBXGroup;
			children = (
				F1F4DFB5251E658C0054EAE1 /* ToDo List.app */,
				F1F4DFCB251E65900054EAE1 /* ToDo ListTests.xctest */,
				F1F4DFD6251E65910054EAE1 /* ToDo ListUITests.xctest */,
			);
			name = Products;
			sourceTree = "<group>";
		};
		F1F4DFB7251E658C0054EAE1 /* ToDo List */ = {
			isa = PBXGroup;
			children = (
				F1F4DFB8251E658C0054EAE1 /* AppDelegate.swift */,
				F1F4DFBA251E658C0054EAE1 /* SceneDelegate.swift */,
				F11D6E3E252A5000003DBA56 /* LocalNotificationManager.swift */,
				F11D6E49252A5DD9003DBA56 /* UIViewController + alert.swift */,
				F1D5D2932520501A006D6B36 /* ToDoItem.swift */,
				F1F4DFBC251E658C0054EAE1 /* ToDoListViewController.swift */,
				F1F4E03B251E98AC0054EAE1 /* ToDoDetailViewController.swift */,
				F11D6E33252A4764003DBA56 /* ToDoItems.swift */,
				F13DEA2C252919930067DEC0 /* ListTableViewCell.swift */,
				F1F4DFBE251E658C0054EAE1 /* Main.storyboard */,
				F1F4DFC1251E65900054EAE1 /* Assets.xcassets */,
				F1F4DFC3251E65900054EAE1 /* LaunchScreen.storyboard */,
				F1F4DFC6251E65900054EAE1 /* Info.plist */,
			);
			path = "ToDo List";
			sourceTree = "<group>";
		};
		F1F4DFCE251E65900054EAE1 /* ToDo ListTests */ = {
			isa = PBXGroup;
			children = (
				F1F4DFCF251E65900054EAE1 /* ToDo_ListTests.swift */,
				F1F4DFD1251E65910054EAE1 /* Info.plist */,
			);
			path = "ToDo ListTests";
			sourceTree = "<group>";
		};
		F1F4DFD9251E65910054EAE1 /* ToDo ListUITests */ = {
			isa = PBXGroup;
			children = (
				F1F4DFDA251E65910054EAE1 /* ToDo_ListUITests.swift */,
				F1F4DFDC251E65910054EAE1 /* Info.plist */,
			);
			path = "ToDo ListUITests";
			sourceTree = "<group>";
		};
/* End PBXGroup section */

/* Begin PBXNativeTarget section */
		F1F4DFB4251E658C0054EAE1 /* ToDo List */ = {
			isa = PBXNativeTarget;
			buildConfigurationList = F1F4DFDF251E65910054EAE1 /* Build configuration list for PBXNativeTarget "ToDo List" */;
			buildPhases = (
				F1F4DFB1251E658C0054EAE1 /* Sources */,
				F1F4DFB2251E658C0054EAE1 /* Frameworks */,
				F1F4DFB3251E658C0054EAE1 /* Resources */,
			);
			buildRules = (
			);
			dependencies = (
			);
			name = "ToDo List";
			productName = "ToDo List";
			productReference = F1F4DFB5251E658C0054EAE1 /* ToDo List.app */;
			productType = "com.apple.product-type.application";
		};
		F1F4DFCA251E65900054EAE1 /* ToDo ListTests */ = {
			isa = PBXNativeTarget;
			buildConfigurationList = F1F4DFE2251E65910054EAE1 /* Build configuration list for PBXNativeTarget "ToDo ListTests" */;
			buildPhases = (
				F1F4DFC7251E65900054EAE1 /* Sources */,
				F1F4DFC8251E65900054EAE1 /* Frameworks */,
				F1F4DFC9251E65900054EAE1 /* Resources */,
			);
			buildRules = (
			);
			dependencies = (
				F1F4DFCD251E65900054EAE1 /* PBXTargetDependency */,
			);
			name = "ToDo ListTests";
			productName = "ToDo ListTests";
			productReference = F1F4DFCB251E65900054EAE1 /* ToDo ListTests.xctest */;
			productType = "com.apple.product-type.bundle.unit-test";
		};
		F1F4DFD5251E65910054EAE1 /* ToDo ListUITests */ = {
			isa = PBXNativeTarget;
			buildConfigurationList = F1F4DFE5251E65910054EAE1 /* Build configuration list for PBXNativeTarget "ToDo ListUITests" */;
			buildPhases = (
				F1F4DFD2251E65910054EAE1 /* Sources */,
				F1F4DFD3251E65910054EAE1 /* Frameworks */,
				F1F4DFD4251E65910054EAE1 /* Resources */,
			);
			buildRules = (
			);
			dependencies = (
				F1F4DFD8251E65910054EAE1 /* PBXTargetDependency */,
			);
			name = "ToDo ListUITests";
			productName = "ToDo ListUITests";
			productReference = F1F4DFD6251E65910054EAE1 /* ToDo ListUITests.xctest */;
			productType = "com.apple.product-type.bundle.ui-testing";
		};
/* End PBXNativeTarget section */

/* Begin PBXProject section */
		F1F4DFAD251E658C0054EAE1 /* Project object */ = {
			isa = PBXProject;
			attributes = {
				LastSwiftUpdateCheck = 1200;
				LastUpgradeCheck = 1200;
				TargetAttributes = {
					F1F4DFB4251E658C0054EAE1 = {
						CreatedOnToolsVersion = 12.0;
					};
					F1F4DFCA251E65900054EAE1 = {
						CreatedOnToolsVersion = 12.0;
						TestTargetID = F1F4DFB4251E658C0054EAE1;
					};
					F1F4DFD5251E65910054EAE1 = {
						CreatedOnToolsVersion = 12.0;
						TestTargetID = F1F4DFB4251E658C0054EAE1;
					};
				};
			};
			buildConfigurationList = F1F4DFB0251E658C0054EAE1 /* Build configuration list for PBXProject "ToDo List" */;
			compatibilityVersion = "Xcode 9.3";
			developmentRegion = en;
			hasScannedForEncodings = 0;
			knownRegions = (
				en,
				Base,
			);
			mainGroup = F1F4DFAC251E658C0054EAE1;
			productRefGroup = F1F4DFB6251E658C0054EAE1 /* Products */;
			projectDirPath = "";
			projectRoot = "";
			targets = (
				F1F4DFB4251E658C0054EAE1 /* ToDo List */,
				F1F4DFCA251E65900054EAE1 /* ToDo ListTests */,
				F1F4DFD5251E65910054EAE1 /* ToDo ListUITests */,
			);
		};
/* End PBXProject section */

/* Begin PBXResourcesBuildPhase section */
		F1F4DFB3251E658C0054EAE1 /* Resources */ = {
			isa = PBXResourcesBuildPhase;
			buildActionMask = 2147483647;
			files = (
				F1F4DFC5251E65900054EAE1 /* LaunchScreen.storyboard in Resources */,
				F1F4DFC2251E65900054EAE1 /* Assets.xcassets in Resources */,
				F1F4DFC0251E658C0054EAE1 /* Main.storyboard in Resources */,
			);
			runOnlyForDeploymentPostprocessing = 0;
		};
		F1F4DFC9251E65900054EAE1 /* Resources */ = {
			isa = PBXResourcesBuildPhase;
			buildActionMask = 2147483647;
			files = (
			);
			runOnlyForDeploymentPostprocessing = 0;
		};
		F1F4DFD4251E65910054EAE1 /* Resources */ = {
			isa = PBXResourcesBuildPhase;
			buildActionMask = 2147483647;
			files = (
			);
			runOnlyForDeploymentPostprocessing = 0;
		};
/* End PBXResourcesBuildPhase section */

/* Begin PBXSourcesBuildPhase section */
		F1F4DFB1251E658C0054EAE1 /* Sources */ = {
			isa = PBXSourcesBuildPhase;
			buildActionMask = 2147483647;
			files = (
				F1F4DFBD251E658C0054EAE1 /* ToDoListViewController.swift in Sources */,
				F11D6E34252A4764003DBA56 /* ToDoItems.swift in Sources */,
				F1F4E03C251E98AC0054EAE1 /* ToDoDetailViewController.swift in Sources */,
				F1D5D2942520501B006D6B36 /* ToDoItem.swift in Sources */,
				F11D6E4A252A5DD9003DBA56 /* UIViewController + alert.swift in Sources */,
				F1F4DFB9251E658C0054EAE1 /* AppDelegate.swift in Sources */,
				F1F4DFBB251E658C0054EAE1 /* SceneDelegate.swift in Sources */,
				F11D6E3F252A5000003DBA56 /* LocalNotificationManager.swift in Sources */,
				F13DEA2D252919930067DEC0 /* ListTableViewCell.swift in Sources */,
			);
			runOnlyForDeploymentPostprocessing = 0;
		};
		F1F4DFC7251E65900054EAE1 /* Sources */ = {
			isa = PBXSourcesBuildPhase;
			buildActionMask = 2147483647;
			files = (
				F1F4DFD0251E65900054EAE1 /* ToDo_ListTests.swift in Sources */,
			);
			runOnlyForDeploymentPostprocessing = 0;
		};
		F1F4DFD2251E65910054EAE1 /* Sources */ = {
			isa = PBXSourcesBuildPhase;
			buildActionMask = 2147483647;
			files = (
				F1F4DFDB251E65910054EAE1 /* ToDo_ListUITests.swift in Sources */,
			);
			runOnlyForDeploymentPostprocessing = 0;
		};
/* End PBXSourcesBuildPhase section */

/* Begin PBXTargetDependency section */
		F1F4DFCD251E65900054EAE1 /* PBXTargetDependency */ = {
			isa = PBXTargetDependency;
			target = F1F4DFB4251E658C0054EAE1 /* ToDo List */;
			targetProxy = F1F4DFCC251E65900054EAE1 /* PBXContainerItemProxy */;
		};
		F1F4DFD8251E65910054EAE1 /* PBXTargetDependency */ = {
			isa = PBXTargetDependency;
			target = F1F4DFB4251E658C0054EAE1 /* ToDo List */;
			targetProxy = F1F4DFD7251E65910054EAE1 /* PBXContainerItemProxy */;
		};
/* End PBXTargetDependency section */

/* Begin PBXVariantGroup section */
		F1F4DFBE251E658C0054EAE1 /* Main.storyboard */ = {
			isa = PBXVariantGroup;
			children = (
				F1F4DFBF251E658C0054EAE1 /* Base */,
			);
			name = Main.storyboard;
			sourceTree = "<group>";
		};
		F1F4DFC3251E65900054EAE1 /* LaunchScreen.storyboard */ = {
			isa = PBXVariantGroup;
			children = (
				F1F4DFC4251E65900054EAE1 /* Base */,
			);
			name = LaunchScreen.storyboard;
			sourceTree = "<group>";
		};
/* End PBXVariantGroup section */

/* Begin XCBuildConfiguration section */
		F1F4DFDD251E65910054EAE1 /* Debug */ = {
			isa = XCBuildConfiguration;
			buildSettings = {
				ALWAYS_SEARCH_USER_PATHS = NO;
				CLANG_ANALYZER_NONNULL = YES;
				CLANG_ANALYZER_NUMBER_OBJECT_CONVERSION = YES_AGGRESSIVE;
				CLANG_CXX_LANGUAGE_STANDARD = "gnu++14";
				CLANG_CXX_LIBRARY = "libc++";
				CLANG_ENABLE_MODULES = YES;
				CLANG_ENABLE_OBJC_ARC = YES;
				CLANG_ENABLE_OBJC_WEAK = YES;
				CLANG_WARN_BLOCK_CAPTURE_AUTORELEASING = YES;
				CLANG_WARN_BOOL_CONVERSION = YES;
				CLANG_WARN_COMMA = YES;
				CLANG_WARN_CONSTANT_CONVERSION = YES;
				CLANG_WARN_DEPRECATED_OBJC_IMPLEMENTATIONS = YES;
				CLANG_WARN_DIRECT_OBJC_ISA_USAGE = YES_ERROR;
				CLANG_WARN_DOCUMENTATION_COMMENTS = YES;
				CLANG_WARN_EMPTY_BODY = YES;
				CLANG_WARN_ENUM_CONVERSION = YES;
				CLANG_WARN_INFINITE_RECURSION = YES;
				CLANG_WARN_INT_CONVERSION = YES;
				CLANG_WARN_NON_LITERAL_NULL_CONVERSION = YES;
				CLANG_WARN_OBJC_IMPLICIT_RETAIN_SELF = YES;
				CLANG_WARN_OBJC_LITERAL_CONVERSION = YES;
				CLANG_WARN_OBJC_ROOT_CLASS = YES_ERROR;
				CLANG_WARN_QUOTED_INCLUDE_IN_FRAMEWORK_HEADER = YES;
				CLANG_WARN_RANGE_LOOP_ANALYSIS = YES;
				CLANG_WARN_STRICT_PROTOTYPES = YES;
				CLANG_WARN_SUSPICIOUS_MOVE = YES;
				CLANG_WARN_UNGUARDED_AVAILABILITY = YES_AGGRESSIVE;
				CLANG_WARN_UNREACHABLE_CODE = YES;
				CLANG_WARN__DUPLICATE_METHOD_MATCH = YES;
				COPY_PHASE_STRIP = NO;
				DEBUG_INFORMATION_FORMAT = dwarf;
				ENABLE_STRICT_OBJC_MSGSEND = YES;
				ENABLE_TESTABILITY = YES;
				GCC_C_LANGUAGE_STANDARD = gnu11;
				GCC_DYNAMIC_NO_PIC = NO;
				GCC_NO_COMMON_BLOCKS = YES;
				GCC_OPTIMIZATION_LEVEL = 0;
				GCC_PREPROCESSOR_DEFINITIONS = (
					"DEBUG=1",
					"$(inherited)",
				);
				GCC_WARN_64_TO_32_BIT_CONVERSION = YES;
				GCC_WARN_ABOUT_RETURN_TYPE = YES_ERROR;
				GCC_WARN_UNDECLARED_SELECTOR = YES;
				GCC_WARN_UNINITIALIZED_AUTOS = YES_AGGRESSIVE;
				GCC_WARN_UNUSED_FUNCTION = YES;
				GCC_WARN_UNUSED_VARIABLE = YES;
				IPHONEOS_DEPLOYMENT_TARGET = 14.0;
				MTL_ENABLE_DEBUG_INFO = INCLUDE_SOURCE;
				MTL_FAST_MATH = YES;
				ONLY_ACTIVE_ARCH = YES;
				SDKROOT = iphoneos;
				SWIFT_ACTIVE_COMPILATION_CONDITIONS = DEBUG;
				SWIFT_OPTIMIZATION_LEVEL = "-Onone";
			};
			name = Debug;
		};
		F1F4DFDE251E65910054EAE1 /* Release */ = {
			isa = XCBuildConfiguration;
			buildSettings = {
				ALWAYS_SEARCH_USER_PATHS = NO;
				CLANG_ANALYZER_NONNULL = YES;
				CLANG_ANALYZER_NUMBER_OBJECT_CONVERSION = YES_AGGRESSIVE;
				CLANG_CXX_LANGUAGE_STANDARD = "gnu++14";
				CLANG_CXX_LIBRARY = "libc++";
				CLANG_ENABLE_MODULES = YES;
				CLANG_ENABLE_OBJC_ARC = YES;
				CLANG_ENABLE_OBJC_WEAK = YES;
				CLANG_WARN_BLOCK_CAPTURE_AUTORELEASING = YES;
				CLANG_WARN_BOOL_CONVERSION = YES;
				CLANG_WARN_COMMA = YES;
				CLANG_WARN_CONSTANT_CONVERSION = YES;
				CLANG_WARN_DEPRECATED_OBJC_IMPLEMENTATIONS = YES;
				CLANG_WARN_DIRECT_OBJC_ISA_USAGE = YES_ERROR;
				CLANG_WARN_DOCUMENTATION_COMMENTS = YES;
				CLANG_WARN_EMPTY_BODY = YES;
				CLANG_WARN_ENUM_CONVERSION = YES;
				CLANG_WARN_INFINITE_RECURSION = YES;
				CLANG_WARN_INT_CONVERSION = YES;
				CLANG_WARN_NON_LITERAL_NULL_CONVERSION = YES;
				CLANG_WARN_OBJC_IMPLICIT_RETAIN_SELF = YES;
				CLANG_WARN_OBJC_LITERAL_CONVERSION = YES;
				CLANG_WARN_OBJC_ROOT_CLASS = YES_ERROR;
				CLANG_WARN_QUOTED_INCLUDE_IN_FRAMEWORK_HEADER = YES;
				CLANG_WARN_RANGE_LOOP_ANALYSIS = YES;
				CLANG_WARN_STRICT_PROTOTYPES = YES;
				CLANG_WARN_SUSPICIOUS_MOVE = YES;
				CLANG_WARN_UNGUARDED_AVAILABILITY = YES_AGGRESSIVE;
				CLANG_WARN_UNREACHABLE_CODE = YES;
				CLANG_WARN__DUPLICATE_METHOD_MATCH = YES;
				COPY_PHASE_STRIP = NO;
				DEBUG_INFORMATION_FORMAT = "dwarf-with-dsym";
				ENABLE_NS_ASSERTIONS = NO;
				ENABLE_STRICT_OBJC_MSGSEND = YES;
				GCC_C_LANGUAGE_STANDARD = gnu11;
				GCC_NO_COMMON_BLOCKS = YES;
				GCC_WARN_64_TO_32_BIT_CONVERSION = YES;
				GCC_WARN_ABOUT_RETURN_TYPE = YES_ERROR;
				GCC_WARN_UNDECLARED_SELECTOR = YES;
				GCC_WARN_UNINITIALIZED_AUTOS = YES_AGGRESSIVE;
				GCC_WARN_UNUSED_FUNCTION = YES;
				GCC_WARN_UNUSED_VARIABLE = YES;
				IPHONEOS_DEPLOYMENT_TARGET = 14.0;
				MTL_ENABLE_DEBUG_INFO = NO;
				MTL_FAST_MATH = YES;
				SDKROOT = iphoneos;
				SWIFT_COMPILATION_MODE = wholemodule;
				SWIFT_OPTIMIZATION_LEVEL = "-O";
				VALIDATE_PRODUCT = YES;
			};
			name = Release;
		};
		F1F4DFE0251E65910054EAE1 /* Debug */ = {
			isa = XCBuildConfiguration;
			buildSettings = {
				ASSETCATALOG_COMPILER_APPICON_NAME = AppIcon;
				ASSETCATALOG_COMPILER_GLOBAL_ACCENT_COLOR_NAME = AccentColor;
				CODE_SIGN_STYLE = Automatic;
				DEVELOPMENT_TEAM = WATT3KK847;
				INFOPLIST_FILE = "ToDo List/Info.plist";
				LD_RUNPATH_SEARCH_PATHS = (
					"$(inherited)",
					"@executable_path/Frameworks",
				);
				PRODUCT_BUNDLE_IDENTIFIER = "com.Alvelaez.ToDo-List";
				PRODUCT_NAME = "$(TARGET_NAME)";
				SWIFT_VERSION = 5.0;
				TARGETED_DEVICE_FAMILY = "1,2";
			};
			name = Debug;
		};
		F1F4DFE1251E65910054EAE1 /* Release */ = {
			isa = XCBuildConfiguration;
			buildSettings = {
				ASSETCATALOG_COMPILER_APPICON_NAME = AppIcon;
				ASSETCATALOG_COMPILER_GLOBAL_ACCENT_COLOR_NAME = AccentColor;
				CODE_SIGN_STYLE = Automatic;
				DEVELOPMENT_TEAM = WATT3KK847;
				INFOPLIST_FILE = "ToDo List/Info.plist";
				LD_RUNPATH_SEARCH_PATHS = (
					"$(inherited)",
					"@executable_path/Frameworks",
				);
				PRODUCT_BUNDLE_IDENTIFIER = "com.Alvelaez.ToDo-List";
				PRODUCT_NAME = "$(TARGET_NAME)";
				SWIFT_VERSION = 5.0;
				TARGETED_DEVICE_FAMILY = "1,2";
			};
			name = Release;
		};
		F1F4DFE3251E65910054EAE1 /* Debug */ = {
			isa = XCBuildConfiguration;
			buildSettings = {
				ALWAYS_EMBED_SWIFT_STANDARD_LIBRARIES = YES;
				BUNDLE_LOADER = "$(TEST_HOST)";
				CODE_SIGN_STYLE = Automatic;
				DEVELOPMENT_TEAM = WATT3KK847;
				INFOPLIST_FILE = "ToDo ListTests/Info.plist";
				IPHONEOS_DEPLOYMENT_TARGET = 14.0;
				LD_RUNPATH_SEARCH_PATHS = (
					"$(inherited)",
					"@executable_path/Frameworks",
					"@loader_path/Frameworks",
				);
				PRODUCT_BUNDLE_IDENTIFIER = "com.Alvelaez.ToDo-ListTests";
				PRODUCT_NAME = "$(TARGET_NAME)";
				SWIFT_VERSION = 5.0;
				TARGETED_DEVICE_FAMILY = "1,2";
				TEST_HOST = "$(BUILT_PRODUCTS_DIR)/ToDo List.app/ToDo List";
			};
			name = Debug;
		};
		F1F4DFE4251E65910054EAE1 /* Release */ = {
			isa = XCBuildConfiguration;
			buildSettings = {
				ALWAYS_EMBED_SWIFT_STANDARD_LIBRARIES = YES;
				BUNDLE_LOADER = "$(TEST_HOST)";
				CODE_SIGN_STYLE = Automatic;
				DEVELOPMENT_TEAM = WATT3KK847;
				INFOPLIST_FILE = "ToDo ListTests/Info.plist";
				IPHONEOS_DEPLOYMENT_TARGET = 14.0;
				LD_RUNPATH_SEARCH_PATHS = (
					"$(inherited)",
					"@executable_path/Frameworks",
					"@loader_path/Frameworks",
				);
				PRODUCT_BUNDLE_IDENTIFIER = "com.Alvelaez.ToDo-ListTests";
				PRODUCT_NAME = "$(TARGET_NAME)";
				SWIFT_VERSION = 5.0;
				TARGETED_DEVICE_FAMILY = "1,2";
				TEST_HOST = "$(BUILT_PRODUCTS_DIR)/ToDo List.app/ToDo List";
			};
			name = Release;
		};
		F1F4DFE6251E65910054EAE1 /* Debug */ = {
			isa = XCBuildConfiguration;
			buildSettings = {
				ALWAYS_EMBED_SWIFT_STANDARD_LIBRARIES = YES;
				CODE_SIGN_STYLE = Automatic;
				DEVELOPMENT_TEAM = WATT3KK847;
				INFOPLIST_FILE = "ToDo ListUITests/Info.plist";
				LD_RUNPATH_SEARCH_PATHS = (
					"$(inherited)",
					"@executable_path/Frameworks",
					"@loader_path/Frameworks",
				);
				PRODUCT_BUNDLE_IDENTIFIER = "com.Alvelaez.ToDo-ListUITests";
				PRODUCT_NAME = "$(TARGET_NAME)";
				SWIFT_VERSION = 5.0;
				TARGETED_DEVICE_FAMILY = "1,2";
				TEST_TARGET_NAME = "ToDo List";
			};
			name = Debug;
		};
		F1F4DFE7251E65910054EAE1 /* Release */ = {
			isa = XCBuildConfiguration;
			buildSettings = {
				ALWAYS_EMBED_SWIFT_STANDARD_LIBRARIES = YES;
				CODE_SIGN_STYLE = Automatic;
				DEVELOPMENT_TEAM = WATT3KK847;
				INFOPLIST_FILE = "ToDo ListUITests/Info.plist";
				LD_RUNPATH_SEARCH_PATHS = (
					"$(inherited)",
					"@executable_path/Frameworks",
					"@loader_path/Frameworks",
				);
				PRODUCT_BUNDLE_IDENTIFIER = "com.Alvelaez.ToDo-ListUITests";
				PRODUCT_NAME = "$(TARGET_NAME)";
				SWIFT_VERSION = 5.0;
				TARGETED_DEVICE_FAMILY = "1,2";
				TEST_TARGET_NAME = "ToDo List";
			};
			name = Release;
		};
/* End XCBuildConfiguration section */

/* Begin XCConfigurationList section */
		F1F4DFB0251E658C0054EAE1 /* Build configuration list for PBXProject "ToDo List" */ = {
			isa = XCConfigurationList;
			buildConfigurations = (
				F1F4DFDD251E65910054EAE1 /* Debug */,
				F1F4DFDE251E65910054EAE1 /* Release */,
			);
			defaultConfigurationIsVisible = 0;
			defaultConfigurationName = Release;
		};
		F1F4DFDF251E65910054EAE1 /* Build configuration list for PBXNativeTarget "ToDo List" */ = {
			isa = XCConfigurationList;
			buildConfigurations = (
				F1F4DFE0251E65910054EAE1 /* Debug */,
				F1F4DFE1251E65910054EAE1 /* Release */,
			);
			defaultConfigurationIsVisible = 0;
			defaultConfigurationName = Release;
		};
		F1F4DFE2251E65910054EAE1 /* Build configuration list for PBXNativeTarget "ToDo ListTests" */ = {
			isa = XCConfigurationList;
			buildConfigurations = (
				F1F4DFE3251E65910054EAE1 /* Debug */,
				F1F4DFE4251E65910054EAE1 /* Release */,
			);
			defaultConfigurationIsVisible = 0;
			defaultConfigurationName = Release;
		};
		F1F4DFE5251E65910054EAE1 /* Build configuration list for PBXNativeTarget "ToDo ListUITests" */ = {
			isa = XCConfigurationList;
			buildConfigurations = (
				F1F4DFE6251E65910054EAE1 /* Debug */,
				F1F4DFE7251E65910054EAE1 /* Release */,
			);
			defaultConfigurationIsVisible = 0;
			defaultConfigurationName = Release;
		};
/* End XCConfigurationList section */
	};
	rootObject = F1F4DFAD251E658C0054EAE1 /* Project object */;
}
